schema: '2.0'
stages:
  data_ingestion:
    cmd: python src/data/data_ingestion.py
    deps:
    - path: src/data/data_ingestion.py
      hash: md5
      md5: 76f7ec938ddef1d9fdf34dab002148f7
      size: 3607
    params:
      params.yaml:
        data_ingestion.test_size: 0.15
    outs:
    - path: data/raw
      hash: md5
      md5: 9096031b858a2cbb24cca78d3ce8a538.dir
      size: 827973
      nfiles: 2
  data_preprocessing:
    cmd: python src/data/data_preprocessing.py
    deps:
    - path: data/raw
      hash: md5
      md5: 9096031b858a2cbb24cca78d3ce8a538.dir
      size: 827973
      nfiles: 2
    - path: src/data/data_preprocessing.py
      hash: md5
      md5: 7ab5227ce5c5e6295deaa7032f17960a
      size: 4068
    outs:
    - path: data/interim
      hash: md5
      md5: 86a48174f84e01d0dbe3eb4ec884e623.dir
      size: 572633
      nfiles: 2
  feature_engineering:
    cmd: python src/features/feature_engineering.py
    deps:
    - path: data/interim
      hash: md5
      md5: 86a48174f84e01d0dbe3eb4ec884e623.dir
      size: 572633
      nfiles: 2
    - path: src/features/feature_engineering.py
      hash: md5
      md5: 16e2df2e88792c3e46838f9625078c90
      size: 3901
    params:
      params.yaml:
        feature_engineering.max_features: 5000
    outs:
    - path: data/processed
      hash: md5
      md5: 48f4b6d9f8854377ab79dc01d5f1ee2e.dir
      size: 103818916
      nfiles: 2
    - path: models/vectorizer.pkl
      hash: md5
      md5: 27a7a87a691c86c460a1119025c8d646
      size: 139742
  model_building:
    cmd: python src/model/model_building.py
    deps:
    - path: data/processed
      hash: md5
      md5: 48f4b6d9f8854377ab79dc01d5f1ee2e.dir
      size: 103818916
      nfiles: 2
    - path: src/model/model_building.py
      hash: md5
      md5: 5b8498acef6b39de5cc37d068b50e4fa
      size: 2377
    outs:
    - path: models/model.pkl
      hash: md5
      md5: 1dee94fb4f8feeeb12c7704ee3602e89
      size: 40717
  model_evaluation:
    cmd: python src/model/model_evaluation.py
    deps:
    - path: models/model.pkl
      hash: md5
      md5: 1dee94fb4f8feeeb12c7704ee3602e89
      size: 40717
    - path: src/model/model_evaluation.py
      hash: md5
      md5: fe54dde2412ef3c4a9861f724d2f4c55
      size: 5668
    outs:
    - path: reports/experiment_info.json
      hash: md5
      md5: 6c83795c6109aa54e010a210bc06c71d
      size: 82
    - path: reports/metrics.json
      hash: md5
      md5: 4b03f504b3cf9df008afe3b0ba9c4052
      size: 144
  model_registration:
    cmd: python src/model/register_model.py
    deps:
    - path: reports/experiment_info.json
      hash: md5
      md5: 6c83795c6109aa54e010a210bc06c71d
      size: 82
    - path: src/model/register_model.py
      hash: md5
      md5: 6274bacceaa6576d1818b697367a08f2
      size: 2848
