schema: '2.0'
stages:
  data_ingestion:
    cmd: python src/data/data_ingestion.py
    deps:
    - path: src/data/data_ingestion.py
      hash: md5
      md5: 76f7ec938ddef1d9fdf34dab002148f7
      size: 3607
    params:
      params.yaml:
        data_ingestion.test_size: 0.2
    outs:
    - path: data/raw
      hash: md5
      md5: fb326d2eec197669f9638afde28356bf.dir
      size: 827973
      nfiles: 2
  data_preprocessing:
    cmd: python src/data/data_preprocessing.py
    deps:
    - path: data/raw
      hash: md5
      md5: fb326d2eec197669f9638afde28356bf.dir
      size: 827973
      nfiles: 2
    - path: src/data/data_preprocessing.py
      hash: md5
      md5: 7ab5227ce5c5e6295deaa7032f17960a
      size: 4068
    outs:
    - path: data/interim
      hash: md5
      md5: c52f2290e848623bebee2a4c7bcf41e3.dir
      size: 572633
      nfiles: 2
  feature_engineering:
    cmd: python src/features/feature_engineering.py
    deps:
    - path: data/interim
      hash: md5
      md5: c52f2290e848623bebee2a4c7bcf41e3.dir
      size: 572633
      nfiles: 2
    - path: src/features/feature_engineering.py
      hash: md5
      md5: 16e2df2e88792c3e46838f9625078c90
      size: 3901
    params:
      params.yaml:
        feature_engineering.max_features: 5000
    outs:
    - path: data/processed
      hash: md5
      md5: 8220c95a3318b060b17630000a6abb42.dir
      size: 103818916
      nfiles: 2
    - path: models/vectorizer.pkl
      hash: md5
      md5: f74677ca3fa2808018c69a9d4542aa6a
      size: 140001
  model_building:
    cmd: python src/model/model_building.py
    deps:
    - path: data/processed
      hash: md5
      md5: 8220c95a3318b060b17630000a6abb42.dir
      size: 103818916
      nfiles: 2
    - path: src/model/model_building.py
      hash: md5
      md5: 5b8498acef6b39de5cc37d068b50e4fa
      size: 2377
    outs:
    - path: models/model.pkl
      hash: md5
      md5: 4a33e351df45b5de9964df4a50b6ec26
      size: 40717
  model_evaluation:
    cmd: python src/model/model_evaluation.py
    deps:
    - path: models/model.pkl
      hash: md5
      md5: 3bf70a54852987d6443b319602bab11e
      size: 40717
    - path: src/model/model_evaluation.py
      hash: md5
      md5: 5c12f2bfd755ac4d3879425ea9e3d132
      size: 5576
    outs:
    - path: reports/experiment_info.json
      hash: md5
      md5: 85b4e7fbfe1846016702adf72ec58628
      size: 82
    - path: reports/metrics.json
      hash: md5
      md5: 930030820d08ee0d51142b711b3b784c
      size: 142
  model_registration:
    cmd: python src/model/register_model.py
    deps:
    - path: reports/experiment_info.json
      hash: md5
      md5: 85b4e7fbfe1846016702adf72ec58628
      size: 82
    - path: src/model/register_model.py
      hash: md5
      md5: 6274bacceaa6576d1818b697367a08f2
      size: 2848
